// !$*UTF8*$!
{
	archiveVersion = 1;
	classes = {
	};
	objectVersion = 48;
	objects = {

/* Begin PBXBuildFile section */
		EDFE49BF2115853A00D29B8C /* AppDelegate.swift in Sources */ = {isa = PBXBuildFile; fileRef = EDFE49BE2115853A00D29B8C /* AppDelegate.swift */; };
		EDFE49C12115853A00D29B8C /* ViewController.swift in Sources */ = {isa = PBXBuildFile; fileRef = EDFE49C02115853A00D29B8C /* ViewController.swift */; };
		EDFE49C42115853A00D29B8C /* Main.storyboard in Resources */ = {isa = PBXBuildFile; fileRef = EDFE49C22115853A00D29B8C /* Main.storyboard */; };
		EDFE49C62115853A00D29B8C /* Assets.xcassets in Resources */ = {isa = PBXBuildFile; fileRef = EDFE49C52115853A00D29B8C /* Assets.xcassets */; };
		EDFE49C92115853A00D29B8C /* LaunchScreen.storyboard in Resources */ = {isa = PBXBuildFile; fileRef = EDFE49C72115853A00D29B8C /* LaunchScreen.storyboard */; };
		EDFE49D121158A8E00D29B8C /* MapForItenerary.swift in Sources */ = {isa = PBXBuildFile; fileRef = EDFE49D021158A8E00D29B8C /* MapForItenerary.swift */; };
/* End PBXBuildFile section */

/* Begin PBXFileReference section */
		EDFE49BB2115853A00D29B8C /* My First App.app */ = {isa = PBXFileReference; explicitFileType = wrapper.application; includeInIndex = 0; path = "My First App.app"; sourceTree = BUILT_PRODUCTS_DIR; };
		EDFE49BE2115853A00D29B8C /* AppDelegate.swift */ = {isa = PBXFileReference; lastKnownFileType = sourcecode.swift; path = AppDelegate.swift; sourceTree = "<group>"; };
		EDFE49C02115853A00D29B8C /* ViewController.swift */ = {isa = PBXFileReference; lastKnownFileType = sourcecode.swift; path = ViewController.swift; sourceTree = "<group>"; };
		EDFE49C32115853A00D29B8C /* Base */ = {isa = PBXFileReference; lastKnownFileType = file.storyboard; name = Base; path = Base.lproj/Main.storyboard; sourceTree = "<group>"; };
		EDFE49C52115853A00D29B8C /* Assets.xcassets */ = {isa = PBXFileReference; lastKnownFileType = folder.assetcatalog; path = Assets.xcassets; sourceTree = "<group>"; };
		EDFE49C82115853A00D29B8C /* Base */ = {isa = PBXFileReference; lastKnownFileType = file.storyboard; name = Base; path = Base.lproj/LaunchScreen.storyboard; sourceTree = "<group>"; };
		EDFE49CA2115853A00D29B8C /* Info.plist */ = {isa = PBXFileReference; lastKnownFileType = text.plist.xml; path = Info.plist; sourceTree = "<group>"; };
		EDFE49D021158A8E00D29B8C /* MapForItenerary.swift */ = {isa = PBXFileReference; lastKnownFileType = sourcecode.swift; path = MapForItenerary.swift; sourceTree = "<group>"; };
/* End PBXFileReference section */

/* Begin PBXFrameworksBuildPhase section */
		EDFE49B82115853A00D29B8C /* Frameworks */ = {
			isa = PBXFrameworksBuildPhase;
			buildActionMask = 2147483647;
			files = (
			);
			runOnlyForDeploymentPostprocessing = 0;
		};
/* End PBXFrameworksBuildPhase section */

/* Begin PBXGroup section */
		EDFE49B22115853A00D29B8C = {
			isa = PBXGroup;
			children = (
				EDFE49BD2115853A00D29B8C /* My First App */,
				EDFE49BC2115853A00D29B8C /* Products */,
			);
			sourceTree = "<group>";
		};
		EDFE49BC2115853A00D29B8C /* Products */ = {
			isa = PBXGroup;
			children = (
				EDFE49BB2115853A00D29B8C /* My First App.app */,
			);
			name = Products;
			sourceTree = "<group>";
		};
		EDFE49BD2115853A00D29B8C /* My First App */ = {
			isa = PBXGroup;
			children = (
				EDFE49BE2115853A00D29B8C /* AppDelegate.swift */,
				EDFE49C02115853A00D29B8C /* ViewController.swift */,
				EDFE49D021158A8E00D29B8C /* MapForItenerary.swift */,
				EDFE49C22115853A00D29B8C /* Main.storyboard */,
				EDFE49C52115853A00D29B8C /* Assets.xcassets */,
				EDFE49C72115853A00D29B8C /* LaunchScreen.storyboard */,
				EDFE49CA2115853A00D29B8C /* Info.plist */,
			);
			path = "My First App";
			sourceTree = "<group>";
		};
/* End PBXGroup section */

/* Begin PBXNativeTarget section */
		EDFE49BA2115853A00D29B8C /* My First App */ = {
			isa = PBXNativeTarget;
			buildConfigurationList = EDFE49CD2115853A00D29B8C /* Build configuration list for PBXNativeTarget "My First App" */;
			buildPhases = (
				EDFE49B72115853A00D29B8C /* Sources */,
				EDFE49B82115853A00D29B8C /* Frameworks */,
				EDFE49B92115853A00D29B8C /* Resources */,
			);
			buildRules = (
			);
			dependencies = (
			);
			name = "My First App";
			productName = "My First App";
			productReference = EDFE49BB2115853A00D29B8C /* My First App.app */;
			productType = "com.apple.product-type.application";
		};
/* End PBXNativeTarget section */

/* Begin PBXProject section */
		EDFE49B32115853A00D29B8C /* Project object */ = {
			isa = PBXProject;
			attributes = {
				LastSwiftUpdateCheck = 0920;
				LastUpgradeCheck = 0920;
				ORGANIZATIONNAME = Parshva;
				TargetAttributes = {
					EDFE49BA2115853A00D29B8C = {
						CreatedOnToolsVersion = 9.2;
						ProvisioningStyle = Automatic;
					};
				};
			};
			buildConfigurationList = EDFE49B62115853A00D29B8C /* Build configuration list for PBXProject "My First App" */;
			compatibilityVersion = "Xcode 8.0";
			developmentRegion = en;
			hasScannedForEncodings = 0;
			knownRegions = (
				en,
				Base,
			);
			mainGroup = EDFE49B22115853A00D29B8C;
			productRefGroup = EDFE49BC2115853A00D29B8C /* Products */;
			projectDirPath = "";
			projectRoot = "";
			targets = (
				EDFE49BA2115853A00D29B8C /* My First App */,
			);
		};
/* End PBXProject section */

/* Begin PBXResourcesBuildPhase section */
		EDFE49B92115853A00D29B8C /* Resources */ = {
			isa = PBXResourcesBuildPhase;
			buildActionMask = 2147483647;
			files = (
				EDFE49C92115853A00D29B8C /* LaunchScreen.storyboard in Resources */,
				EDFE49C62115853A00D29B8C /* Assets.xcassets in Resources */,
				EDFE49C42115853A00D29B8C /* Main.storyboard in Resources */,
			);
			runOnlyForDeploymentPostprocessing = 0;
		};
/* End PBXResourcesBuildPhase section */

/* Begin PBXSourcesBuildPhase section */
		EDFE49B72115853A00D29B8C /* Sources */ = {
			isa = PBXSourcesBuildPhase;
			buildActionMask = 2147483647;
			files = (
				EDFE49D121158A8E00D29B8C /* MapForItenerary.swift in Sources */,
				EDFE49C12115853A00D29B8C /* ViewController.swift in Sources */,
				EDFE49BF2115853A00D29B8C /* AppDelegate.swift in Sources */,
			);
			runOnlyForDeploymentPostprocessing = 0;
		};
/* End PBXSourcesBuildPhase section */

/* Begin PBXVariantGroup section */
		EDFE49C22115853A00D29B8C /* Main.storyboard */ = {
			isa = PBXVariantGroup;
			children = (
				EDFE49C32115853A00D29B8C /* Base */,
			);
			name = Main.storyboard;
			sourceTree = "<group>";
		};
		EDFE49C72115853A00D29B8C /* LaunchScreen.storyboard */ = {
			isa = PBXVariantGroup;
			children = (
				EDFE49C82115853A00D29B8C /* Base */,
			);
			name = LaunchScreen.storyboard;
			sourceTree = "<group>";
		};
/* End PBXVariantGroup section */

/* Begin XCBuildConfiguration section */
		EDFE49CB2115853A00D29B8C /* Debug */ = {
			isa = XCBuildConfiguration;
			buildSettings = {
				ALWAYS_SEARCH_USER_PATHS = NO;
				CLANG_ANALYZER_NONNULL = YES;
				CLANG_ANALYZER_NUMBER_OBJECT_CONVERSION = YES_AGGRESSIVE;
				CLANG_CXX_LANGUAGE_STANDARD = "gnu++14";
				CLANG_CXX_LIBRARY = "libc++";
				CLANG_ENABLE_MODULES = YES;
				CLANG_ENABLE_OBJC_ARC = YES;
				CLANG_WARN_BLOCK_CAPTURE_AUTORELEASING = YES;
				CLANG_WARN_BOOL_CONVERSION = YES;
				CLANG_WARN_COMMA = YES;
				CLANG_WARN_CONSTANT_CONVERSION = YES;
				CLANG_WARN_DIRECT_OBJC_ISA_USAGE = YES_ERROR;
				CLANG_WARN_DOCUMENTATION_COMMENTS = YES;
				CLANG_WARN_EMPTY_BODY = YES;
				CLANG_WARN_ENUM_CONVERSION = YES;
				CLANG_WARN_INFINITE_RECURSION = YES;
				CLANG_WARN_INT_CONVERSION = YES;
				CLANG_WARN_NON_LITERAL_NULL_CONVERSION = YES;
				CLANG_WARN_OBJC_LITERAL_CONVERSION = YES;
				CLANG_WARN_OBJC_ROOT_CLASS = YES_ERROR;
				CLANG_WARN_RANGE_LOOP_ANALYSIS = YES;
				CLANG_WARN_STRICT_PROTOTYPES = YES;
				CLANG_WARN_SUSPICIOUS_MOVE = YES;
				CLANG_WARN_UNGUARDED_AVAILABILITY = YES_AGGRESSIVE;
				CLANG_WARN_UNREACHABLE_CODE = YES;
				CLANG_WARN__DUPLICATE_METHOD_MATCH = YES;
				CODE_SIGN_IDENTITY = "iPhone Developer";
				COPY_PHASE_STRIP = NO;
				DEBUG_INFORMATION_FORMAT = dwarf;
				ENABLE_STRICT_OBJC_MSGSEND = YES;
				ENABLE_TESTABILITY = YES;
				GCC_C_LANGUAGE_STANDARD = gnu11;
				GCC_DYNAMIC_NO_PIC = NO;
				GCC_NO_COMMON_BLOCKS = YES;
				GCC_OPTIMIZATION_LEVEL = 0;
				GCC_PREPROCESSOR_DEFINITIONS = (
					"DEBUG=1",
					"$(inherited)",
				);
				GCC_WARN_64_TO_32_BIT_CONVERSION = YES;
				GCC_WARN_ABOUT_RETURN_TYPE = YES_ERROR;
				GCC_WARN_UNDECLARED_SELECTOR = YES;
				GCC_WARN_UNINITIALIZED_AUTOS = YES_AGGRESSIVE;
				GCC_WARN_UNUSED_FUNCTION = YES;
				GCC_WARN_UNUSED_VARIABLE = YES;
				IPHONEOS_DEPLOYMENT_TARGET = 11.2;
				MTL_ENABLE_DEBUG_INFO = YES;
				ONLY_ACTIVE_ARCH = YES;
				SDKROOT = iphoneos;
				SWIFT_ACTIVE_COMPILATION_CONDITIONS = DEBUG;
				SWIFT_OPTIMIZATION_LEVEL = "-Onone";
			};
			name = Debug;
		};
		EDFE49CC2115853A00D29B8C /* Release */ = {
			isa = XCBuildConfiguration;
			buildSettings = {
				ALWAYS_SEARCH_USER_PATHS = NO;
				CLANG_ANALYZER_NONNULL = YES;
				CLANG_ANALYZER_NUMBER_OBJECT_CONVERSION = YES_AGGRESSIVE;
				CLANG_CXX_LANGUAGE_STANDARD = "gnu++14";
				CLANG_CXX_LIBRARY = "libc++";
				CLANG_ENABLE_MODULES = YES;
				CLANG_ENABLE_OBJC_ARC = YES;
				CLANG_WARN_BLOCK_CAPTURE_AUTORELEASING = YES;
				CLANG_WARN_BOOL_CONVERSION = YES;
				CLANG_WARN_COMMA = YES;
				CLANG_WARN_CONSTANT_CONVERSION = YES;
				CLANG_WARN_DIRECT_OBJC_ISA_USAGE = YES_ERROR;
				CLANG_WARN_DOCUMENTATION_COMMENTS = YES;
				CLANG_WARN_EMPTY_BODY = YES;
				CLANG_WARN_ENUM_CONVERSION = YES;
				CLANG_WARN_INFINITE_RECURSION = YES;
				CLANG_WARN_INT_CONVERSION = YES;
				CLANG_WARN_NON_LITERAL_NULL_CONVERSION = YES;
				CLANG_WARN_OBJC_LITERAL_CONVERSION = YES;
				CLANG_WARN_OBJC_ROOT_CLASS = YES_ERROR;
				CLANG_WARN_RANGE_LOOP_ANALYSIS = YES;
				CLANG_WARN_STRICT_PROTOTYPES = YES;
				CLANG_WARN_SUSPICIOUS_MOVE = YES;
				CLANG_WARN_UNGUARDED_AVAILABILITY = YES_AGGRESSIVE;
				CLANG_WARN_UNREACHABLE_CODE = YES;
				CLANG_WARN__DUPLICATE_METHOD_MATCH = YES;
				CODE_SIGN_IDENTITY = "iPhone Developer";
				COPY_PHASE_STRIP = NO;
				DEBUG_INFORMATION_FORMAT = "dwarf-with-dsym";
				ENABLE_NS_ASSERTIONS = NO;
				ENABLE_STRICT_OBJC_MSGSEND = YES;
				GCC_C_LANGUAGE_STANDARD = gnu11;
				GCC_NO_COMMON_BLOCKS = YES;
				GCC_WARN_64_TO_32_BIT_CONVERSION = YES;
				GCC_WARN_ABOUT_RETURN_TYPE = YES_ERROR;
				GCC_WARN_UNDECLARED_SELECTOR = YES;
				GCC_WARN_UNINITIALIZED_AUTOS = YES_AGGRESSIVE;
				GCC_WARN_UNUSED_FUNCTION = YES;
				GCC_WARN_UNUSED_VARIABLE = YES;
				IPHONEOS_DEPLOYMENT_TARGET = 11.2;
				MTL_ENABLE_DEBUG_INFO = NO;
				SDKROOT = iphoneos;
				SWIFT_OPTIMIZATION_LEVEL = "-Owholemodule";
				VALIDATE_PRODUCT = YES;
			};
			name = Release;
		};
		EDFE49CE2115853A00D29B8C /* Debug */ = {
			isa = XCBuildConfiguration;
			buildSettings = {
				ASSETCATALOG_COMPILER_APPICON_NAME = AppIcon;
				CODE_SIGN_STYLE = Automatic;
				DEVELOPMENT_TEAM = UJX3LTM884;
				INFOPLIST_FILE = "My First App/Info.plist";
				IPHONEOS_DEPLOYMENT_TARGET = 11.2;
				LD_RUNPATH_SEARCH_PATHS = "$(inherited) @executable_path/Frameworks";
				PRODUCT_BUNDLE_IDENTIFIER = "com.parshva.My-First-App";
				PRODUCT_NAME = "$(TARGET_NAME)";
				SWIFT_VERSION = 4.0;
				TARGETED_DEVICE_FAMILY = "1,2";
			};
			name = Debug;
		};
		EDFE49CF2115853A00D29B8C /* Release */ = {
			isa = XCBuildConfiguration;
			buildSettings = {
				ASSETCATALOG_COMPILER_APPICON_NAME = AppIcon;
				CODE_SIGN_STYLE = Automatic;
				DEVELOPMENT_TEAM = UJX3LTM884;
				INFOPLIST_FILE = "My First App/Info.plist";
				IPHONEOS_DEPLOYMENT_TARGET = 11.2;
				LD_RUNPATH_SEARCH_PATHS = "$(inherited) @executable_path/Frameworks";
				PRODUCT_BUNDLE_IDENTIFIER = "com.parshva.My-First-App";
				PRODUCT_NAME = "$(TARGET_NAME)";
				SWIFT_VERSION = 4.0;
				TARGETED_DEVICE_FAMILY = "1,2";
			};
			name = Release;
		};
/* End XCBuildConfiguration section */

/* Begin XCConfigurationList section */
		EDFE49B62115853A00D29B8C /* Build configuration list for PBXProject "My First App" */ = {
			isa = XCConfigurationList;
			buildConfigurations = (
				EDFE49CB2115853A00D29B8C /* Debug */,
				EDFE49CC2115853A00D29B8C /* Release */,
			);
			defaultConfigurationIsVisible = 0;
			defaultConfigurationName = Release;
		};
		EDFE49CD2115853A00D29B8C /* Build configuration list for PBXNativeTarget "My First App" */ = {
			isa = XCConfigurationList;
			buildConfigurations = (
				EDFE49CE2115853A00D29B8C /* Debug */,
				EDFE49CF2115853A00D29B8C /* Release */,
			);
			defaultConfigurationIsVisible = 0;
			defaultConfigurationName = Release;
		};
/* End XCConfigurationList section */
	};
	rootObject = EDFE49B32115853A00D29B8C /* Project object */;
}
